
Microsoft Visual Studio Solution File, Format Version 12.00
Project("{2150E333-8FDC-42A3-9474-1A3956D46DE8}") = "Src", "Src", "{EEFA022D-CF7E-4428-B6BF-30266697C82D}"
EndProject
Project("{2150E333-8FDC-42A3-9474-1A3956D46DE8}") = "Test", "Test", "{31417B8C-BF19-4F9A-A059-E59E61B0B970}"
EndProject
Project("{2150E333-8FDC-42A3-9474-1A3956D46DE8}") = "Core", "Core", "{DFE5B6FE-460D-43A0-B214-C3DBEA62E322}"
EndProject
Project("{2150E333-8FDC-42A3-9474-1A3956D46DE8}") = "Infraestructure", "Infraestructure", "{3EAEAA89-2049-4CDD-A624-950903C830C3}"
EndProject
Project("{2150E333-8FDC-42A3-9474-1A3956D46DE8}") = "API", "API", "{22B142FA-E118-44EE-B7CB-F531E81DFD10}"
EndProject
Project("{FAE04EC0-301F-11D3-BF4B-00C04F79EFBC}") = "AbogadosLatam.Domain", "AbogadosLatam.Domain\AbogadosLatam.Domain.csproj", "{242CA96A-D213-4603-8316-9C5D08BC0E2E}"
EndProject
Project("{FAE04EC0-301F-11D3-BF4B-00C04F79EFBC}") = "AbogadosLatam.Application", "AbogadosLatam.Application\AbogadosLatam.Application.csproj", "{76259E36-565C-4B86-A276-8075778B043D}"
EndProject
Project("{FAE04EC0-301F-11D3-BF4B-00C04F79EFBC}") = "AbogadosLatam.DataSore.MSSQL", "AbogadosLatam.DataSore.MSSQL\AbogadosLatam.DataSore.MSSQL.csproj", "{C4AA9540-AF6D-4DB2-833C-B637C63513E3}"
EndProject
Project("{FAE04EC0-301F-11D3-BF4B-00C04F79EFBC}") = "AbogadosLatam.WebAPI", "AbogadosLatam.WebAPI\AbogadosLatam.WebAPI.csproj", "{0A4F74E8-C1C8-42E8-8231-9940B08C26A2}"
EndProject
Project("{FAE04EC0-301F-11D3-BF4B-00C04F79EFBC}") = "AbogadosLatam.Application.UnitTests", "AbogadosLatam.Application.UnitTests\AbogadosLatam.Application.UnitTests.csproj", "{3AD373A8-0E59-46D6-A05E-F9A94983FC69}"
EndProject
Project("{FAE04EC0-301F-11D3-BF4B-00C04F79EFBC}") = "AbogadosLatam.Identity", "AbogadosLatam.Identity\AbogadosLatam.Identity.csproj", "{6861500E-23CD-4092-9CD3-6E6FD8B027B4}"
EndProject
Global
	GlobalSection(SolutionConfigurationPlatforms) = preSolution
		Debug|Any CPU = Debug|Any CPU
		Release|Any CPU = Release|Any CPU
	EndGlobalSection
	GlobalSection(NestedProjects) = preSolution
		{DFE5B6FE-460D-43A0-B214-C3DBEA62E322} = {EEFA022D-CF7E-4428-B6BF-30266697C82D}
		{3EAEAA89-2049-4CDD-A624-950903C830C3} = {EEFA022D-CF7E-4428-B6BF-30266697C82D}
		{22B142FA-E118-44EE-B7CB-F531E81DFD10} = {EEFA022D-CF7E-4428-B6BF-30266697C82D}
		{242CA96A-D213-4603-8316-9C5D08BC0E2E} = {DFE5B6FE-460D-43A0-B214-C3DBEA62E322}
		{76259E36-565C-4B86-A276-8075778B043D} = {DFE5B6FE-460D-43A0-B214-C3DBEA62E322}
		{C4AA9540-AF6D-4DB2-833C-B637C63513E3} = {3EAEAA89-2049-4CDD-A624-950903C830C3}
		{0A4F74E8-C1C8-42E8-8231-9940B08C26A2} = {22B142FA-E118-44EE-B7CB-F531E81DFD10}
		{3AD373A8-0E59-46D6-A05E-F9A94983FC69} = {31417B8C-BF19-4F9A-A059-E59E61B0B970}
		{6861500E-23CD-4092-9CD3-6E6FD8B027B4} = {3EAEAA89-2049-4CDD-A624-950903C830C3}
	EndGlobalSection
	GlobalSection(ProjectConfigurationPlatforms) = postSolution
		{242CA96A-D213-4603-8316-9C5D08BC0E2E}.Debug|Any CPU.ActiveCfg = Debug|Any CPU
		{242CA96A-D213-4603-8316-9C5D08BC0E2E}.Debug|Any CPU.Build.0 = Debug|Any CPU
		{242CA96A-D213-4603-8316-9C5D08BC0E2E}.Release|Any CPU.ActiveCfg = Release|Any CPU
		{242CA96A-D213-4603-8316-9C5D08BC0E2E}.Release|Any CPU.Build.0 = Release|Any CPU
		{76259E36-565C-4B86-A276-8075778B043D}.Debug|Any CPU.ActiveCfg = Debug|Any CPU
		{76259E36-565C-4B86-A276-8075778B043D}.Debug|Any CPU.Build.0 = Debug|Any CPU
		{76259E36-565C-4B86-A276-8075778B043D}.Release|Any CPU.ActiveCfg = Release|Any CPU
		{76259E36-565C-4B86-A276-8075778B043D}.Release|Any CPU.Build.0 = Release|Any CPU
		{C4AA9540-AF6D-4DB2-833C-B637C63513E3}.Debug|Any CPU.ActiveCfg = Debug|Any CPU
		{C4AA9540-AF6D-4DB2-833C-B637C63513E3}.Debug|Any CPU.Build.0 = Debug|Any CPU
		{C4AA9540-AF6D-4DB2-833C-B637C63513E3}.Release|Any CPU.ActiveCfg = Release|Any CPU
		{C4AA9540-AF6D-4DB2-833C-B637C63513E3}.Release|Any CPU.Build.0 = Release|Any CPU
		{0A4F74E8-C1C8-42E8-8231-9940B08C26A2}.Debug|Any CPU.ActiveCfg = Debug|Any CPU
		{0A4F74E8-C1C8-42E8-8231-9940B08C26A2}.Debug|Any CPU.Build.0 = Debug|Any CPU
		{0A4F74E8-C1C8-42E8-8231-9940B08C26A2}.Release|Any CPU.ActiveCfg = Release|Any CPU
		{0A4F74E8-C1C8-42E8-8231-9940B08C26A2}.Release|Any CPU.Build.0 = Release|Any CPU
		{3AD373A8-0E59-46D6-A05E-F9A94983FC69}.Debug|Any CPU.ActiveCfg = Debug|Any CPU
		{3AD373A8-0E59-46D6-A05E-F9A94983FC69}.Debug|Any CPU.Build.0 = Debug|Any CPU
		{3AD373A8-0E59-46D6-A05E-F9A94983FC69}.Release|Any CPU.ActiveCfg = Release|Any CPU
		{3AD373A8-0E59-46D6-A05E-F9A94983FC69}.Release|Any CPU.Build.0 = Release|Any CPU
		{6861500E-23CD-4092-9CD3-6E6FD8B027B4}.Debug|Any CPU.ActiveCfg = Debug|Any CPU
		{6861500E-23CD-4092-9CD3-6E6FD8B027B4}.Debug|Any CPU.Build.0 = Debug|Any CPU
		{6861500E-23CD-4092-9CD3-6E6FD8B027B4}.Release|Any CPU.ActiveCfg = Release|Any CPU
		{6861500E-23CD-4092-9CD3-6E6FD8B027B4}.Release|Any CPU.Build.0 = Release|Any CPU
	EndGlobalSection
EndGlobal
